
Microsoft Visual Studio Solution File, Format Version 12.00
# Visual Studio Version 17
VisualStudioVersion = 17.13.35919.96
MinimumVisualStudioVersion = 10.0.40219.1
Project("{8BC9CEB8-8B4A-11D0-8D11-00A0C91BC942}") = "HelloWorld", "HelloWorld\HelloWorld.vcxproj", "{8EC63402-DD2A-4BFD-A4D5-0A0275DEA044}"
EndProject
Project("{8BC9CEB8-8B4A-11D0-8D11-00A0C91BC942}") = "DataType", "DataType\DataType.vcxproj", "{08E79ED0-7A55-4118-A121-6F246DD879AD}"
EndProject
Project("{8BC9CEB8-8B4A-11D0-8D11-00A0C91BC942}") = "UserDataType", "UserDataType\UserDataType.vcxproj", "{59AF3D3C-7AB9-4290-B278-51BEACE20EA2}"
EndProject
Project("{8BC9CEB8-8B4A-11D0-8D11-00A0C91BC942}") = "GuessingGame", "GuessingGame\GuessingGame.vcxproj", "{D0200110-1B67-4128-B6AC-B7F657AD5EFA}"
EndProject
Project("{8BC9CEB8-8B4A-11D0-8D11-00A0C91BC942}") = "Memory", "Memory\Memory.vcxproj", "{0D4ACFB1-4E96-4230-BD97-780F43933705}"
EndProject
Project("{8BC9CEB8-8B4A-11D0-8D11-00A0C91BC942}") = "Containers", "Containers\Containers.vcxproj", "{457E645C-3040-4884-A445-711DA171C84F}"
EndProject
Project("{8BC9CEB8-8B4A-11D0-8D11-00A0C91BC942}") = "MemoryReview", "MemoryReview\MemoryReview.vcxproj", "{C8C313D9-64FF-48E0-9E1C-0C2233A0F141}"
EndProject
Project("{8BC9CEB8-8B4A-11D0-8D11-00A0C91BC942}") = "week2_notes", "week2_notes\week2_notes.vcxproj", "{23CF2E40-2731-4500-973D-8FF93F8E2307}"
EndProject
Project("{8BC9CEB8-8B4A-11D0-8D11-00A0C91BC942}") = "OOP", "week3_notes\week3_notes.vcxproj", "{B35F4D4C-4490-4952-853B-EBC015E7C581}"
EndProject
Project("{8BC9CEB8-8B4A-11D0-8D11-00A0C91BC942}") = "Classes", "Classes\Classes.vcxproj", "{C535A38C-90C0-4CDC-90F8-7D296DBF0C84}"
EndProject
Project("{8BC9CEB8-8B4A-11D0-8D11-00A0C91BC942}") = "Class", "Class\Class.vcxproj", "{E13DDEC3-8AD7-44B5-B889-62C37996ECD3}"
EndProject
Global
	GlobalSection(SolutionConfigurationPlatforms) = preSolution
		Debug|x64 = Debug|x64
		Debug|x86 = Debug|x86
		Release|x64 = Release|x64
		Release|x86 = Release|x86
	EndGlobalSection
	GlobalSection(ProjectConfigurationPlatforms) = postSolution
		{8EC63402-DD2A-4BFD-A4D5-0A0275DEA044}.Debug|x64.ActiveCfg = Debug|x64
		{8EC63402-DD2A-4BFD-A4D5-0A0275DEA044}.Debug|x64.Build.0 = Debug|x64
		{8EC63402-DD2A-4BFD-A4D5-0A0275DEA044}.Debug|x86.ActiveCfg = Debug|Win32
		{8EC63402-DD2A-4BFD-A4D5-0A0275DEA044}.Debug|x86.Build.0 = Debug|Win32
		{8EC63402-DD2A-4BFD-A4D5-0A0275DEA044}.Release|x64.ActiveCfg = Release|x64
		{8EC63402-DD2A-4BFD-A4D5-0A0275DEA044}.Release|x64.Build.0 = Release|x64
		{8EC63402-DD2A-4BFD-A4D5-0A0275DEA044}.Release|x86.ActiveCfg = Release|Win32
		{8EC63402-DD2A-4BFD-A4D5-0A0275DEA044}.Release|x86.Build.0 = Release|Win32
		{08E79ED0-7A55-4118-A121-6F246DD879AD}.Debug|x64.ActiveCfg = Debug|x64
		{08E79ED0-7A55-4118-A121-6F246DD879AD}.Debug|x64.Build.0 = Debug|x64
		{08E79ED0-7A55-4118-A121-6F246DD879AD}.Debug|x86.ActiveCfg = Debug|Win32
		{08E79ED0-7A55-4118-A121-6F246DD879AD}.Debug|x86.Build.0 = Debug|Win32
		{08E79ED0-7A55-4118-A121-6F246DD879AD}.Release|x64.ActiveCfg = Release|x64
		{08E79ED0-7A55-4118-A121-6F246DD879AD}.Release|x64.Build.0 = Release|x64
		{08E79ED0-7A55-4118-A121-6F246DD879AD}.Release|x86.ActiveCfg = Release|Win32
		{08E79ED0-7A55-4118-A121-6F246DD879AD}.Release|x86.Build.0 = Release|Win32
		{59AF3D3C-7AB9-4290-B278-51BEACE20EA2}.Debug|x64.ActiveCfg = Debug|x64
		{59AF3D3C-7AB9-4290-B278-51BEACE20EA2}.Debug|x64.Build.0 = Debug|x64
		{59AF3D3C-7AB9-4290-B278-51BEACE20EA2}.Debug|x86.ActiveCfg = Debug|Win32
		{59AF3D3C-7AB9-4290-B278-51BEACE20EA2}.Debug|x86.Build.0 = Debug|Win32
		{59AF3D3C-7AB9-4290-B278-51BEACE20EA2}.Release|x64.ActiveCfg = Release|x64
		{59AF3D3C-7AB9-4290-B278-51BEACE20EA2}.Release|x64.Build.0 = Release|x64
		{59AF3D3C-7AB9-4290-B278-51BEACE20EA2}.Release|x86.ActiveCfg = Release|Win32
		{59AF3D3C-7AB9-4290-B278-51BEACE20EA2}.Release|x86.Build.0 = Release|Win32
		{D0200110-1B67-4128-B6AC-B7F657AD5EFA}.Debug|x64.ActiveCfg = Debug|x64
		{D0200110-1B67-4128-B6AC-B7F657AD5EFA}.Debug|x64.Build.0 = Debug|x64
		{D0200110-1B67-4128-B6AC-B7F657AD5EFA}.Debug|x86.ActiveCfg = Debug|Win32
		{D0200110-1B67-4128-B6AC-B7F657AD5EFA}.Debug|x86.Build.0 = Debug|Win32
		{D0200110-1B67-4128-B6AC-B7F657AD5EFA}.Release|x64.ActiveCfg = Release|x64
		{D0200110-1B67-4128-B6AC-B7F657AD5EFA}.Release|x64.Build.0 = Release|x64
		{D0200110-1B67-4128-B6AC-B7F657AD5EFA}.Release|x86.ActiveCfg = Release|Win32
		{D0200110-1B67-4128-B6AC-B7F657AD5EFA}.Release|x86.Build.0 = Release|Win32
		{0D4ACFB1-4E96-4230-BD97-780F43933705}.Debug|x64.ActiveCfg = Debug|x64
		{0D4ACFB1-4E96-4230-BD97-780F43933705}.Debug|x64.Build.0 = Debug|x64
		{0D4ACFB1-4E96-4230-BD97-780F43933705}.Debug|x86.ActiveCfg = Debug|Win32
		{0D4ACFB1-4E96-4230-BD97-780F43933705}.Debug|x86.Build.0 = Debug|Win32
		{0D4ACFB1-4E96-4230-BD97-780F43933705}.Release|x64.ActiveCfg = Release|x64
		{0D4ACFB1-4E96-4230-BD97-780F43933705}.Release|x64.Build.0 = Release|x64
		{0D4ACFB1-4E96-4230-BD97-780F43933705}.Release|x86.ActiveCfg = Release|Win32
		{0D4ACFB1-4E96-4230-BD97-780F43933705}.Release|x86.Build.0 = Release|Win32
		{457E645C-3040-4884-A445-711DA171C84F}.Debug|x64.ActiveCfg = Debug|x64
		{457E645C-3040-4884-A445-711DA171C84F}.Debug|x64.Build.0 = Debug|x64
		{457E645C-3040-4884-A445-711DA171C84F}.Debug|x86.ActiveCfg = Debug|Win32
		{457E645C-3040-4884-A445-711DA171C84F}.Debug|x86.Build.0 = Debug|Win32
		{457E645C-3040-4884-A445-711DA171C84F}.Release|x64.ActiveCfg = Release|x64
		{457E645C-3040-4884-A445-711DA171C84F}.Release|x64.Build.0 = Release|x64
		{457E645C-3040-4884-A445-711DA171C84F}.Release|x86.ActiveCfg = Release|Win32
		{457E645C-3040-4884-A445-711DA171C84F}.Release|x86.Build.0 = Release|Win32
		{C8C313D9-64FF-48E0-9E1C-0C2233A0F141}.Debug|x64.ActiveCfg = Debug|x64
		{C8C313D9-64FF-48E0-9E1C-0C2233A0F141}.Debug|x64.Build.0 = Debug|x64
		{C8C313D9-64FF-48E0-9E1C-0C2233A0F141}.Debug|x86.ActiveCfg = Debug|Win32
		{C8C313D9-64FF-48E0-9E1C-0C2233A0F141}.Debug|x86.Build.0 = Debug|Win32
		{C8C313D9-64FF-48E0-9E1C-0C2233A0F141}.Release|x64.ActiveCfg = Release|x64
		{C8C313D9-64FF-48E0-9E1C-0C2233A0F141}.Release|x64.Build.0 = Release|x64
		{C8C313D9-64FF-48E0-9E1C-0C2233A0F141}.Release|x86.ActiveCfg = Release|Win32
		{C8C313D9-64FF-48E0-9E1C-0C2233A0F141}.Release|x86.Build.0 = Release|Win32
		{23CF2E40-2731-4500-973D-8FF93F8E2307}.Debug|x64.ActiveCfg = Debug|x64
		{23CF2E40-2731-4500-973D-8FF93F8E2307}.Debug|x64.Build.0 = Debug|x64
		{23CF2E40-2731-4500-973D-8FF93F8E2307}.Debug|x86.ActiveCfg = Debug|Win32
		{23CF2E40-2731-4500-973D-8FF93F8E2307}.Debug|x86.Build.0 = Debug|Win32
		{23CF2E40-2731-4500-973D-8FF93F8E2307}.Release|x64.ActiveCfg = Release|x64
		{23CF2E40-2731-4500-973D-8FF93F8E2307}.Release|x64.Build.0 = Release|x64
		{23CF2E40-2731-4500-973D-8FF93F8E2307}.Release|x86.ActiveCfg = Release|Win32
		{23CF2E40-2731-4500-973D-8FF93F8E2307}.Release|x86.Build.0 = Release|Win32
		{B35F4D4C-4490-4952-853B-EBC015E7C581}.Debug|x64.ActiveCfg = Debug|x64
		{B35F4D4C-4490-4952-853B-EBC015E7C581}.Debug|x64.Build.0 = Debug|x64
		{B35F4D4C-4490-4952-853B-EBC015E7C581}.Debug|x86.ActiveCfg = Debug|Win32
		{B35F4D4C-4490-4952-853B-EBC015E7C581}.Debug|x86.Build.0 = Debug|Win32
		{B35F4D4C-4490-4952-853B-EBC015E7C581}.Release|x64.ActiveCfg = Release|x64
		{B35F4D4C-4490-4952-853B-EBC015E7C581}.Release|x64.Build.0 = Release|x64
		{B35F4D4C-4490-4952-853B-EBC015E7C581}.Release|x86.ActiveCfg = Release|Win32
		{B35F4D4C-4490-4952-853B-EBC015E7C581}.Release|x86.Build.0 = Release|Win32
		{C535A38C-90C0-4CDC-90F8-7D296DBF0C84}.Debug|x64.ActiveCfg = Debug|x64
		{C535A38C-90C0-4CDC-90F8-7D296DBF0C84}.Debug|x64.Build.0 = Debug|x64
		{C535A38C-90C0-4CDC-90F8-7D296DBF0C84}.Debug|x86.ActiveCfg = Debug|Win32
		{C535A38C-90C0-4CDC-90F8-7D296DBF0C84}.Debug|x86.Build.0 = Debug|Win32
		{C535A38C-90C0-4CDC-90F8-7D296DBF0C84}.Release|x64.ActiveCfg = Release|x64
		{C535A38C-90C0-4CDC-90F8-7D296DBF0C84}.Release|x64.Build.0 = Release|x64
		{C535A38C-90C0-4CDC-90F8-7D296DBF0C84}.Release|x86.ActiveCfg = Release|Win32
		{C535A38C-90C0-4CDC-90F8-7D296DBF0C84}.Release|x86.Build.0 = Release|Win32
		{E13DDEC3-8AD7-44B5-B889-62C37996ECD3}.Debug|x64.ActiveCfg = Debug|x64
		{E13DDEC3-8AD7-44B5-B889-62C37996ECD3}.Debug|x64.Build.0 = Debug|x64
		{E13DDEC3-8AD7-44B5-B889-62C37996ECD3}.Debug|x86.ActiveCfg = Debug|Win32
		{E13DDEC3-8AD7-44B5-B889-62C37996ECD3}.Debug|x86.Build.0 = Debug|Win32
		{E13DDEC3-8AD7-44B5-B889-62C37996ECD3}.Release|x64.ActiveCfg = Release|x64
		{E13DDEC3-8AD7-44B5-B889-62C37996ECD3}.Release|x64.Build.0 = Release|x64
		{E13DDEC3-8AD7-44B5-B889-62C37996ECD3}.Release|x86.ActiveCfg = Release|Win32
		{E13DDEC3-8AD7-44B5-B889-62C37996ECD3}.Release|x86.Build.0 = Release|Win32
	EndGlobalSection
	GlobalSection(SolutionProperties) = preSolution
		HideSolutionNode = FALSE
	EndGlobalSection
	GlobalSection(ExtensibilityGlobals) = postSolution
		SolutionGuid = {6DD2F279-54C4-4C2C-A9F4-A5AAB344DF85}
	EndGlobalSection
EndGlobal
